
Microsoft Visual Studio Solution File, Format Version 12.00
# Visual Studio Version 16
VisualStudioVersion = 16.0.30406.217
MinimumVisualStudioVersion = 10.0.40219.1
Project("{FAE04EC0-301F-11D3-BF4B-00C04F79EFBC}") = "mes", "mes\mes.csproj", "{1CFA9EF1-DDAF-425E-8E8F-641F12C377A5}"
EndProject
Global
	GlobalSection(SolutionConfigurationPlatforms) = preSolution
		Debug|Any CPU = Debug|Any CPU
		Release|Any CPU = Release|Any CPU
	EndGlobalSection
	GlobalSection(ProjectConfigurationPlatforms) = postSolution
		{1CFA9EF1-DDAF-425E-8E8F-641F12C377A5}.Debug|Any CPU.ActiveCfg = Debug|Any CPU
		{1CFA9EF1-DDAF-425E-8E8F-641F12C377A5}.Debug|Any CPU.Build.0 = Debug|Any CPU
		{1CFA9EF1-DDAF-425E-8E8F-641F12C377A5}.Release|Any CPU.ActiveCfg = Release|Any CPU
		{1CFA9EF1-DDAF-425E-8E8F-641F12C377A5}.Release|Any CPU.Build.0 = Release|Any CPU
	EndGlobalSection
	GlobalSection(SolutionProperties) = preSolution
		HideSolutionNode = FALSE
	EndGlobalSection
	GlobalSection(ExtensibilityGlobals) = postSolution
		SolutionGuid = {CD8DC136-89B4-4C1B-91E8-7BFA53D3726F}
	EndGlobalSection
EndGlobal
